
Microsoft Visual Studio Solution File, Format Version 12.00
# Visual Studio Version 17
VisualStudioVersion = 17.4.33205.214
MinimumVisualStudioVersion = 10.0.40219.1
Project("{9A19103F-16F7-4668-BE54-9A1E7A4F7556}") = "eTickets", "eTickets.csproj", "{17E6D02E-E2EE-4389-B5A3-82AFB8EC04AE}"
EndProject
Project("{FAE04EC0-301F-11D3-BF4B-00C04F79EFBC}") = "eTicketsTests", "..\eTicketsTests\eTicketsTests.csproj", "{BA6D4A33-78A6-477F-9BFC-9B97E1274F7A}"
EndProject
Global
	GlobalSection(SolutionConfigurationPlatforms) = preSolution
		Debug|Any CPU = Debug|Any CPU
		Release|Any CPU = Release|Any CPU
	EndGlobalSection
	GlobalSection(ProjectConfigurationPlatforms) = postSolution
		{17E6D02E-E2EE-4389-B5A3-82AFB8EC04AE}.Debug|Any CPU.ActiveCfg = Debug|Any CPU
		{17E6D02E-E2EE-4389-B5A3-82AFB8EC04AE}.Debug|Any CPU.Build.0 = Debug|Any CPU
		{17E6D02E-E2EE-4389-B5A3-82AFB8EC04AE}.Release|Any CPU.ActiveCfg = Release|Any CPU
		{17E6D02E-E2EE-4389-B5A3-82AFB8EC04AE}.Release|Any CPU.Build.0 = Release|Any CPU
		{BA6D4A33-78A6-477F-9BFC-9B97E1274F7A}.Debug|Any CPU.ActiveCfg = Debug|Any CPU
		{BA6D4A33-78A6-477F-9BFC-9B97E1274F7A}.Debug|Any CPU.Build.0 = Debug|Any CPU
		{BA6D4A33-78A6-477F-9BFC-9B97E1274F7A}.Release|Any CPU.ActiveCfg = Release|Any CPU
		{BA6D4A33-78A6-477F-9BFC-9B97E1274F7A}.Release|Any CPU.Build.0 = Release|Any CPU
	EndGlobalSection
	GlobalSection(SolutionProperties) = preSolution
		HideSolutionNode = FALSE
	EndGlobalSection
	GlobalSection(ExtensibilityGlobals) = postSolution
		SolutionGuid = {9B654A3A-EE65-4B5D-B9CE-98754458F62F}
	EndGlobalSection
EndGlobal
